# This file is automatically @generated by Poetry 1.5.1 and should not be changed by hand.

[[package]]
name = "atomicwrites"
version = "1.4.1"
description = "Atomic file writes."
optional = false
python-versions = ">=2.7, !=3.0.*, !=3.1.*, !=3.2.*, !=3.3.*"
files = [
    {file = "atomicwrites-1.4.1.tar.gz", hash = "sha256:81b2c9071a49367a7f770170e5eec8cb66567cfbbc8c73d20ce5ca4a8d71cf11"},
]

[[package]]
name = "attrs"
version = "23.1.0"
description = "Classes Without Boilerplate"
optional = false
python-versions = ">=3.7"
files = [
    {file = "attrs-23.1.0-py3-none-any.whl", hash = "sha256:1f28b4522cdc2fb4256ac1a020c78acf9cba2c6b461ccd2c126f3aa8e8335d04"},
    {file = "attrs-23.1.0.tar.gz", hash = "sha256:6279836d581513a26f1bf235f9acd333bc9115683f14f7e8fae46c98fc50e015"},
]

[package.extras]
cov = ["attrs[tests]", "coverage[toml] (>=5.3)"]
dev = ["attrs[docs,tests]", "pre-commit"]
docs = ["furo", "myst-parser", "sphinx", "sphinx-notfound-page", "sphinxcontrib-towncrier", "towncrier", "zope-interface"]
tests = ["attrs[tests-no-zope]", "zope-interface"]
tests-no-zope = ["cloudpickle", "hypothesis", "mypy (>=1.1.1)", "pympler", "pytest (>=4.3.0)", "pytest-mypy-plugins", "pytest-xdist[psutil]"]

[[package]]
name = "colorama"
version = "0.4.6"
description = "Cross-platform colored terminal text."
optional = false
python-versions = "!=3.0.*,!=3.1.*,!=3.2.*,!=3.3.*,!=3.4.*,!=3.5.*,!=3.6.*,>=2.7"
files = [
    {file = "colorama-0.4.6-py2.py3-none-any.whl", hash = "sha256:4f1d9991f5acc0ca119f9d443620b77f9d6b33703e51011c16baf57afb285fc6"},
    {file = "colorama-0.4.6.tar.gz", hash = "sha256:08695f5cb7ed6e0531a20572697297273c47b8cae5a63ffc6d6ed5c201be6e44"},
]

[[package]]
name = "iniconfig"
version = "2.0.0"
description = "brain-dead simple config-ini parsing"
optional = false
python-versions = ">=3.7"
files = [
    {file = "iniconfig-2.0.0-py3-none-any.whl", hash = "sha256:b6a85871a79d2e3b22d2d1b94ac2824226a63c6b741c88f7ae975f18b6778374"},
    {file = "iniconfig-2.0.0.tar.gz", hash = "sha256:2d91e135bf72d31a410b17c16da610a82cb55f6b0477d1a902134b24a455b8b3"},
]

[[package]]
name = "jaconv"
version = "0.2.4"
description = "Pure-Python Japanese character interconverter for Hiragana, Katakana, Hankaku and Zenkaku"
optional = false
python-versions = "*"
files = [
    {file = "jaconv-0.2.4.tar.gz", hash = "sha256:2ccdf768da20d55f30e8801e5e2e27783aae1bb29b890e503e1124134d6d09c9"},
]

[[package]]
name = "packaging"
version = "23.1"
description = "Core utilities for Python packages"
optional = false
python-versions = ">=3.7"
files = [
    {file = "packaging-23.1-py3-none-any.whl", hash = "sha256:994793af429502c4ea2ebf6bf664629d07c1a9fe974af92966e4b8d2df7edc61"},
    {file = "packaging-23.1.tar.gz", hash = "sha256:a392980d2b6cffa644431898be54b0045151319d1e7ec34f0cfed48767dd334f"},
]

[[package]]
name = "pluggy"
version = "1.2.0"
description = "plugin and hook calling mechanisms for python"
optional = false
python-versions = ">=3.7"
files = [
    {file = "pluggy-1.2.0-py3-none-any.whl", hash = "sha256:c2fd55a7d7a3863cba1a013e4e2414658b1d07b6bc57b3919e0c63c9abb99849"},
    {file = "pluggy-1.2.0.tar.gz", hash = "sha256:d12f0c4b579b15f5e054301bb226ee85eeeba08ffec228092f8defbaa3a4c4b3"},
]

[package.extras]
dev = ["pre-commit", "tox"]
testing = ["pytest", "pytest-benchmark"]

[[package]]
name = "py"
version = "1.11.0"
description = "library with cross-python path, ini-parsing, io, code, log facilities"
optional = false
python-versions = ">=2.7, !=3.0.*, !=3.1.*, !=3.2.*, !=3.3.*, !=3.4.*"
files = [
    {file = "py-1.11.0-py2.py3-none-any.whl", hash = "sha256:607c53218732647dff4acdfcd50cb62615cedf612e72d1724fb1a0cc6405b378"},
    {file = "py-1.11.0.tar.gz", hash = "sha256:51c75c4126074b472f746a24399ad32f6053d1b34b68d2fa41e558e6f4a98719"},
]

[[package]]
name = "pytest"
version = "6.2.5"
description = "pytest: simple powerful testing with Python"
optional = false
python-versions = ">=3.6"
files = [
    {file = "pytest-6.2.5-py3-none-any.whl", hash = "sha256:7310f8d27bc79ced999e760ca304d69f6ba6c6649c0b60fb0e04a4a77cacc134"},
    {file = "pytest-6.2.5.tar.gz", hash = "sha256:131b36680866a76e6781d13f101efb86cf674ebb9762eb70d3082b6f29889e89"},
]

[package.dependencies]
atomicwrites = {version = ">=1.0", markers = "sys_platform == \"win32\""}
attrs = ">=19.2.0"
colorama = {version = "*", markers = "sys_platform == \"win32\""}
iniconfig = "*"
packaging = "*"
pluggy = ">=0.12,<2.0"
py = ">=1.8.2"
toml = "*"

[package.extras]
testing = ["argcomplete", "hypothesis (>=3.56)", "mock", "nose", "requests", "xmlschema"]

[[package]]
name = "sudachidict-core"
version = "20230110"
description = "Sudachi Dictionary for SudachiPy - Core Edition"
optional = false
python-versions = "*"
files = [
    {file = "SudachiDict-core-20230110.tar.gz", hash = "sha256:35e3fa212e797d23c2147816febb6a5b870c4fe81fa05ad94ece271f23ea4656"},
]

[package.dependencies]
SudachiPy = ">=0.5,<0.7"

[[package]]
name = "sudachidict-full"
version = "20230110"
description = "Sudachi Dictionary for SudachiPy - Full Edition"
optional = false
python-versions = "*"
files = [
    {file = "SudachiDict-full-20230110.tar.gz", hash = "sha256:cc35e8aa4a8a49583aea11270ed0efcf2ddb4c4daf80577df4bb786b7f66226b"},
]

[package.dependencies]
SudachiPy = ">=0.5,<0.7"

[[package]]
name = "sudachipy"
version = "0.6.7"
description = "Python version of Sudachi, the Japanese Morphological Analyzer"
optional = false
python-versions = "*"
files = [
    {file = "SudachiPy-0.6.7-cp310-cp310-macosx_10_12_universal2.whl", hash = "sha256:8f14ae0ffeb5fa90c3c47fd25af0afdcec8cb3714f936c9cd4eb15132336148c"},
    {file = "SudachiPy-0.6.7-cp310-cp310-manylinux_2_17_x86_64.manylinux2014_x86_64.whl", hash = "sha256:3e3f54006158d3112d86502f1ff3ab81f1d80c75d00ffeb853522f919a853063"},
    {file = "SudachiPy-0.6.7-cp310-cp310-win_amd64.whl", hash = "sha256:9fdc7bd9d059821ef84e7600d69b150109ef5b71be0c68dce47616fce5bf8dac"},
    {file = "SudachiPy-0.6.7-cp311-cp311-macosx_10_12_universal2.whl", hash = "sha256:5b7d5882e1450cdfd3235b14e569cde793d878fd018ade2871cb35e6f9f13ea6"},
    {file = "SudachiPy-0.6.7-cp311-cp311-manylinux_2_17_x86_64.manylinux2014_x86_64.whl", hash = "sha256:789d448bc5a3c5e0ed1e4bff505eed1be0fab3bf2e3480edd0b885c58bcd4cff"},
    {file = "SudachiPy-0.6.7-cp311-cp311-win_amd64.whl", hash = "sha256:06e9af5af655bd74fcb793305efe0d46689b4827f295807b332f935abd974d83"},
    {file = "SudachiPy-0.6.7-cp37-cp37m-macosx_10_12_universal2.whl", hash = "sha256:c660fb9dfd65d4d03109dfc5ab6b0e7415c79ed78c59fd456cd30e26ea6c340d"},
    {file = "SudachiPy-0.6.7-cp37-cp37m-manylinux_2_17_x86_64.manylinux2014_x86_64.whl", hash = "sha256:8f1aa21328289206520e62547d3ab8a62e1c6ed370a8b025585b302e1de772bc"},
    {file = "SudachiPy-0.6.7-cp37-cp37m-win_amd64.whl", hash = "sha256:656628cd74b7483f1c10d25dee048983f062404f8cd04dfc3c5e28f987bc5a39"},
    {file = "SudachiPy-0.6.7-cp38-cp38-macosx_10_12_universal2.whl", hash = "sha256:fb1085d372169df8187206dc505710d1a440f87523dbb287c4c639fb3d1eac78"},
    {file = "SudachiPy-0.6.7-cp38-cp38-manylinux_2_17_x86_64.manylinux2014_x86_64.whl", hash = "sha256:b487890c499c927e8c6af2c76bdea3b8602f7c0a9145fe5e25cd9a82cbb96c05"},
    {file = "SudachiPy-0.6.7-cp38-cp38-win_amd64.whl", hash = "sha256:4f60e20cd50a940f3ef57606a09f20ac2ef4262989f545e552eebb18b5484608"},
    {file = "SudachiPy-0.6.7-cp39-cp39-macosx_10_12_universal2.whl", hash = "sha256:2d9ad67c54463eadce8728bf991c18d936b0756eedd3ed7661082aa36e7e5d60"},
    {file = "SudachiPy-0.6.7-cp39-cp39-manylinux_2_17_x86_64.manylinux2014_x86_64.whl", hash = "sha256:d167cb59e044aff1123b534d045c66147ffa76a75196284e188c245af6fed013"},
    {file = "SudachiPy-0.6.7-cp39-cp39-win_amd64.whl", hash = "sha256:4e368e7bfa83885fd9a6ffb0366fe73ce100caa72ab86f69b149091ce813da27"},
    {file = "SudachiPy-0.6.7.tar.gz", hash = "sha256:e4fb026cc367e0dff7d0b8a2fce510e66d5bf7ef4728af76bfe63132b22753cd"},
]

[package.extras]
tests = ["sudachidict-core", "tokenizers"]

[[package]]
name = "toml"
version = "0.10.2"
description = "Python Library for Tom's Obvious, Minimal Language"
optional = false
python-versions = ">=2.6, !=3.0.*, !=3.1.*, !=3.2.*"
files = [
    {file = "toml-0.10.2-py2.py3-none-any.whl", hash = "sha256:806143ae5bfb6a3c6e736a764057db0e6a0e05e338b5630894a5f779cabb4f9b"},
    {file = "toml-0.10.2.tar.gz", hash = "sha256:b3bda1d108d5dd99f4a20d24d9c348e91c4db7ab1b749200bded2f839ccbe68f"},
]

[metadata]
lock-version = "2.0"
python-versions = "^3.11"
content-hash = "679e353d087a2481c0fffa8a3283f45ebe297ed84822fe642f69bea3951a85cc"
